// !$*UTF8*$!
{
	archiveVersion = 1;
	classes = {
	};
	objectVersion = 50;
	objects = {

/* Begin PBXBuildFile section */
		38D15D0A21218B6D00125444 /* AppDelegate.swift in Sources */ = {isa = PBXBuildFile; fileRef = 38D15D0921218B6D00125444 /* AppDelegate.swift */; };
		38D15D0F21218B6D00125444 /* Main.storyboard in Resources */ = {isa = PBXBuildFile; fileRef = 38D15D0D21218B6D00125444 /* Main.storyboard */; };
		38D15D1121218B6F00125444 /* Assets.xcassets in Resources */ = {isa = PBXBuildFile; fileRef = 38D15D1021218B6F00125444 /* Assets.xcassets */; };
		38D15D1421218B6F00125444 /* LaunchScreen.storyboard in Resources */ = {isa = PBXBuildFile; fileRef = 38D15D1221218B6F00125444 /* LaunchScreen.storyboard */; };
		38D15D2221218BB300125444 /* ViewController.swift in Sources */ = {isa = PBXBuildFile; fileRef = 38D15D1C21218BB300125444 /* ViewController.swift */; };
		38D15D2921218CBD00125444 /* ColorListCell.swift in Sources */ = {isa = PBXBuildFile; fileRef = 38D15D2721218CBD00125444 /* ColorListCell.swift */; };
		38D15D2A21218CBD00125444 /* ColorListCell.xib in Resources */ = {isa = PBXBuildFile; fileRef = 38D15D2821218CBD00125444 /* ColorListCell.xib */; };
		38D15D2C21218F2000125444 /* ColorExtenison.swift in Sources */ = {isa = PBXBuildFile; fileRef = 38D15D2B21218F2000125444 /* ColorExtenison.swift */; };
		38D15D3A2122CEE100125444 /* SketchView.swift in Sources */ = {isa = PBXBuildFile; fileRef = 38D15D382122CEE100125444 /* SketchView.swift */; };
		38D15D3B2122CEE100125444 /* SketchTool.swift in Sources */ = {isa = PBXBuildFile; fileRef = 38D15D392122CEE100125444 /* SketchTool.swift */; };
/* End PBXBuildFile section */

/* Begin PBXFileReference section */
		38D15D0621218B6D00125444 /* Drawing.app */ = {isa = PBXFileReference; explicitFileType = wrapper.application; includeInIndex = 0; path = Drawing.app; sourceTree = BUILT_PRODUCTS_DIR; };
		38D15D0921218B6D00125444 /* AppDelegate.swift */ = {isa = PBXFileReference; lastKnownFileType = sourcecode.swift; path = AppDelegate.swift; sourceTree = "<group>"; };
		38D15D0E21218B6D00125444 /* Base */ = {isa = PBXFileReference; lastKnownFileType = file.storyboard; name = Base; path = Base.lproj/Main.storyboard; sourceTree = "<group>"; };
		38D15D1021218B6F00125444 /* Assets.xcassets */ = {isa = PBXFileReference; lastKnownFileType = folder.assetcatalog; path = Assets.xcassets; sourceTree = "<group>"; };
		38D15D1321218B6F00125444 /* Base */ = {isa = PBXFileReference; lastKnownFileType = file.storyboard; name = Base; path = Base.lproj/LaunchScreen.storyboard; sourceTree = "<group>"; };
		38D15D1521218B6F00125444 /* Info.plist */ = {isa = PBXFileReference; lastKnownFileType = text.plist.xml; path = Info.plist; sourceTree = "<group>"; };
		38D15D1C21218BB300125444 /* ViewController.swift */ = {isa = PBXFileReference; fileEncoding = 4; lastKnownFileType = sourcecode.swift; path = ViewController.swift; sourceTree = "<group>"; };
		38D15D2721218CBD00125444 /* ColorListCell.swift */ = {isa = PBXFileReference; fileEncoding = 4; lastKnownFileType = sourcecode.swift; path = ColorListCell.swift; sourceTree = "<group>"; };
		38D15D2821218CBD00125444 /* ColorListCell.xib */ = {isa = PBXFileReference; fileEncoding = 4; lastKnownFileType = file.xib; path = ColorListCell.xib; sourceTree = "<group>"; };
		38D15D2B21218F2000125444 /* ColorExtenison.swift */ = {isa = PBXFileReference; lastKnownFileType = sourcecode.swift; path = ColorExtenison.swift; sourceTree = "<group>"; };
		38D15D382122CEE100125444 /* SketchView.swift */ = {isa = PBXFileReference; fileEncoding = 4; lastKnownFileType = sourcecode.swift; path = SketchView.swift; sourceTree = "<group>"; };
		38D15D392122CEE100125444 /* SketchTool.swift */ = {isa = PBXFileReference; fileEncoding = 4; lastKnownFileType = sourcecode.swift; path = SketchTool.swift; sourceTree = "<group>"; };
/* End PBXFileReference section */

/* Begin PBXFrameworksBuildPhase section */
		38D15D0321218B6D00125444 /* Frameworks */ = {
			isa = PBXFrameworksBuildPhase;
			buildActionMask = 2147483647;
			files = (
			);
			runOnlyForDeploymentPostprocessing = 0;
		};
/* End PBXFrameworksBuildPhase section */

/* Begin PBXGroup section */
		38D15CFD21218B6D00125444 = {
			isa = PBXGroup;
			children = (
				38D15D0821218B6D00125444 /* Drawing */,
				38D15D0721218B6D00125444 /* Products */,
			);
			sourceTree = "<group>";
		};
		38D15D0721218B6D00125444 /* Products */ = {
			isa = PBXGroup;
			children = (
				38D15D0621218B6D00125444 /* Drawing.app */,
			);
			name = Products;
			sourceTree = "<group>";
		};
		38D15D0821218B6D00125444 /* Drawing */ = {
			isa = PBXGroup;
			children = (
				38D15D0921218B6D00125444 /* AppDelegate.swift */,
				38D15D0D21218B6D00125444 /* Main.storyboard */,
				38D15D1B21218BB300125444 /* Controller */,
				38D15D1D21218BB300125444 /* Library */,
				38D15D1021218B6F00125444 /* Assets.xcassets */,
				38D15D1221218B6F00125444 /* LaunchScreen.storyboard */,
				38D15D1521218B6F00125444 /* Info.plist */,
			);
			path = Drawing;
			sourceTree = "<group>";
		};
		38D15D1B21218BB300125444 /* Controller */ = {
			isa = PBXGroup;
			children = (
				38D15D1C21218BB300125444 /* ViewController.swift */,
				38D15D2621218CBD00125444 /* ColorListCell */,
			);
			path = Controller;
			sourceTree = "<group>";
		};
		38D15D1D21218BB300125444 /* Library */ = {
			isa = PBXGroup;
			children = (
				38D15D2D2121E7DD00125444 /* Sketch */,
				38D15D2B21218F2000125444 /* ColorExtenison.swift */,
			);
			path = Library;
			sourceTree = "<group>";
		};
		38D15D2621218CBD00125444 /* ColorListCell */ = {
			isa = PBXGroup;
			children = (
				38D15D2721218CBD00125444 /* ColorListCell.swift */,
				38D15D2821218CBD00125444 /* ColorListCell.xib */,
			);
			path = ColorListCell;
			sourceTree = "<group>";
		};
		38D15D2D2121E7DD00125444 /* Sketch */ = {
			isa = PBXGroup;
			children = (
				38D15D392122CEE100125444 /* SketchTool.swift */,
				38D15D382122CEE100125444 /* SketchView.swift */,
			);
			path = Sketch;
			sourceTree = "<group>";
		};
/* End PBXGroup section */

/* Begin PBXNativeTarget section */
		38D15D0521218B6D00125444 /* Drawing */ = {
			isa = PBXNativeTarget;
			buildConfigurationList = 38D15D1821218B6F00125444 /* Build configuration list for PBXNativeTarget "Drawing" */;
			buildPhases = (
				38D15D0221218B6D00125444 /* Sources */,
				38D15D0321218B6D00125444 /* Frameworks */,
				38D15D0421218B6D00125444 /* Resources */,
			);
			buildRules = (
			);
			dependencies = (
			);
			name = Drawing;
			productName = Drawing;
			productReference = 38D15D0621218B6D00125444 /* Drawing.app */;
			productType = "com.apple.product-type.application";
		};
/* End PBXNativeTarget section */

/* Begin PBXProject section */
		38D15CFE21218B6D00125444 /* Project object */ = {
			isa = PBXProject;
			attributes = {
				LastSwiftUpdateCheck = 0940;
				LastUpgradeCheck = 0940;
				ORGANIZATIONNAME = abhi;
				TargetAttributes = {
					38D15D0521218B6D00125444 = {
						CreatedOnToolsVersion = 9.4.1;
					};
				};
			};
			buildConfigurationList = 38D15D0121218B6D00125444 /* Build configuration list for PBXProject "Drawing" */;
			compatibilityVersion = "Xcode 9.3";
			developmentRegion = en;
			hasScannedForEncodings = 0;
			knownRegions = (
				en,
				Base,
			);
			mainGroup = 38D15CFD21218B6D00125444;
			productRefGroup = 38D15D0721218B6D00125444 /* Products */;
			projectDirPath = "";
			projectRoot = "";
			targets = (
				38D15D0521218B6D00125444 /* Drawing */,
			);
		};
/* End PBXProject section */

/* Begin PBXResourcesBuildPhase section */
		38D15D0421218B6D00125444 /* Resources */ = {
			isa = PBXResourcesBuildPhase;
			buildActionMask = 2147483647;
			files = (
				38D15D1421218B6F00125444 /* LaunchScreen.storyboard in Resources */,
				38D15D2A21218CBD00125444 /* ColorListCell.xib in Resources */,
				38D15D1121218B6F00125444 /* Assets.xcassets in Resources */,
				38D15D0F21218B6D00125444 /* Main.storyboard in Resources */,
			);
			runOnlyForDeploymentPostprocessing = 0;
		};
/* End PBXResourcesBuildPhase section */

/* Begin PBXSourcesBuildPhase section */
		38D15D0221218B6D00125444 /* Sources */ = {
			isa = PBXSourcesBuildPhase;
			buildActionMask = 2147483647;
			files = (
				38D15D3A2122CEE100125444 /* SketchView.swift in Sources */,
				38D15D2921218CBD00125444 /* ColorListCell.swift in Sources */,
				38D15D2221218BB300125444 /* ViewController.swift in Sources */,
				38D15D3B2122CEE100125444 /* SketchTool.swift in Sources */,
				38D15D0A21218B6D00125444 /* AppDelegate.swift in Sources */,
				38D15D2C21218F2000125444 /* ColorExtenison.swift in Sources */,
			);
			runOnlyForDeploymentPostprocessing = 0;
		};
/* End PBXSourcesBuildPhase section */

/* Begin PBXVariantGroup section */
		38D15D0D21218B6D00125444 /* Main.storyboard */ = {
			isa = PBXVariantGroup;
			children = (
				38D15D0E21218B6D00125444 /* Base */,
			);
			name = Main.storyboard;
			sourceTree = "<group>";
		};
		38D15D1221218B6F00125444 /* LaunchScreen.storyboard */ = {
			isa = PBXVariantGroup;
			children = (
				38D15D1321218B6F00125444 /* Base */,
			);
			name = LaunchScreen.storyboard;
			sourceTree = "<group>";
		};
/* End PBXVariantGroup section */

/* Begin XCBuildConfiguration section */
		38D15D1621218B6F00125444 /* Debug */ = {
			isa = XCBuildConfiguration;
			buildSettings = {
				ALWAYS_SEARCH_USER_PATHS = NO;
				CLANG_ANALYZER_NONNULL = YES;
				CLANG_ANALYZER_NUMBER_OBJECT_CONVERSION = YES_AGGRESSIVE;
				CLANG_CXX_LANGUAGE_STANDARD = "gnu++14";
				CLANG_CXX_LIBRARY = "libc++";
				CLANG_ENABLE_MODULES = YES;
				CLANG_ENABLE_OBJC_ARC = YES;
				CLANG_ENABLE_OBJC_WEAK = YES;
				CLANG_WARN_BLOCK_CAPTURE_AUTORELEASING = YES;
				CLANG_WARN_BOOL_CONVERSION = YES;
				CLANG_WARN_COMMA = YES;
				CLANG_WARN_CONSTANT_CONVERSION = YES;
				CLANG_WARN_DEPRECATED_OBJC_IMPLEMENTATIONS = YES;
				CLANG_WARN_DIRECT_OBJC_ISA_USAGE = YES_ERROR;
				CLANG_WARN_DOCUMENTATION_COMMENTS = YES;
				CLANG_WARN_EMPTY_BODY = YES;
				CLANG_WARN_ENUM_CONVERSION = YES;
				CLANG_WARN_INFINITE_RECURSION = YES;
				CLANG_WARN_INT_CONVERSION = YES;
				CLANG_WARN_NON_LITERAL_NULL_CONVERSION = YES;
				CLANG_WARN_OBJC_IMPLICIT_RETAIN_SELF = YES;
				CLANG_WARN_OBJC_LITERAL_CONVERSION = YES;
				CLANG_WARN_OBJC_ROOT_CLASS = YES_ERROR;
				CLANG_WARN_RANGE_LOOP_ANALYSIS = YES;
				CLANG_WARN_STRICT_PROTOTYPES = YES;
				CLANG_WARN_SUSPICIOUS_MOVE = YES;
				CLANG_WARN_UNGUARDED_AVAILABILITY = YES_AGGRESSIVE;
				CLANG_WARN_UNREACHABLE_CODE = YES;
				CLANG_WARN__DUPLICATE_METHOD_MATCH = YES;
				CODE_SIGN_IDENTITY = "iPhone Developer";
				COPY_PHASE_STRIP = NO;
				DEBUG_INFORMATION_FORMAT = dwarf;
				ENABLE_STRICT_OBJC_MSGSEND = YES;
				ENABLE_TESTABILITY = YES;
				GCC_C_LANGUAGE_STANDARD = gnu11;
				GCC_DYNAMIC_NO_PIC = NO;
				GCC_NO_COMMON_BLOCKS = YES;
				GCC_OPTIMIZATION_LEVEL = 0;
				GCC_PREPROCESSOR_DEFINITIONS = (
					"DEBUG=1",
					"$(inherited)",
				);
				GCC_WARN_64_TO_32_BIT_CONVERSION = YES;
				GCC_WARN_ABOUT_RETURN_TYPE = YES_ERROR;
				GCC_WARN_UNDECLARED_SELECTOR = YES;
				GCC_WARN_UNINITIALIZED_AUTOS = YES_AGGRESSIVE;
				GCC_WARN_UNUSED_FUNCTION = YES;
				GCC_WARN_UNUSED_VARIABLE = YES;
				IPHONEOS_DEPLOYMENT_TARGET = 11.4;
				MTL_ENABLE_DEBUG_INFO = YES;
				ONLY_ACTIVE_ARCH = YES;
				SDKROOT = iphoneos;
				SWIFT_ACTIVE_COMPILATION_CONDITIONS = DEBUG;
				SWIFT_OPTIMIZATION_LEVEL = "-Onone";
			};
			name = Debug;
		};
		38D15D1721218B6F00125444 /* Release */ = {
			isa = XCBuildConfiguration;
			buildSettings = {
				ALWAYS_SEARCH_USER_PATHS = NO;
				CLANG_ANALYZER_NONNULL = YES;
				CLANG_ANALYZER_NUMBER_OBJECT_CONVERSION = YES_AGGRESSIVE;
				CLANG_CXX_LANGUAGE_STANDARD = "gnu++14";
				CLANG_CXX_LIBRARY = "libc++";
				CLANG_ENABLE_MODULES = YES;
				CLANG_ENABLE_OBJC_ARC = YES;
				CLANG_ENABLE_OBJC_WEAK = YES;
				CLANG_WARN_BLOCK_CAPTURE_AUTORELEASING = YES;
				CLANG_WARN_BOOL_CONVERSION = YES;
				CLANG_WARN_COMMA = YES;
				CLANG_WARN_CONSTANT_CONVERSION = YES;
				CLANG_WARN_DEPRECATED_OBJC_IMPLEMENTATIONS = YES;
				CLANG_WARN_DIRECT_OBJC_ISA_USAGE = YES_ERROR;
				CLANG_WARN_DOCUMENTATION_COMMENTS = YES;
				CLANG_WARN_EMPTY_BODY = YES;
				CLANG_WARN_ENUM_CONVERSION = YES;
				CLANG_WARN_INFINITE_RECURSION = YES;
				CLANG_WARN_INT_CONVERSION = YES;
				CLANG_WARN_NON_LITERAL_NULL_CONVERSION = YES;
				CLANG_WARN_OBJC_IMPLICIT_RETAIN_SELF = YES;
				CLANG_WARN_OBJC_LITERAL_CONVERSION = YES;
				CLANG_WARN_OBJC_ROOT_CLASS = YES_ERROR;
				CLANG_WARN_RANGE_LOOP_ANALYSIS = YES;
				CLANG_WARN_STRICT_PROTOTYPES = YES;
				CLANG_WARN_SUSPICIOUS_MOVE = YES;
				CLANG_WARN_UNGUARDED_AVAILABILITY = YES_AGGRESSIVE;
				CLANG_WARN_UNREACHABLE_CODE = YES;
				CLANG_WARN__DUPLICATE_METHOD_MATCH = YES;
				CODE_SIGN_IDENTITY = "iPhone Developer";
				COPY_PHASE_STRIP = NO;
				DEBUG_INFORMATION_FORMAT = "dwarf-with-dsym";
				ENABLE_NS_ASSERTIONS = NO;
				ENABLE_STRICT_OBJC_MSGSEND = YES;
				GCC_C_LANGUAGE_STANDARD = gnu11;
				GCC_NO_COMMON_BLOCKS = YES;
				GCC_WARN_64_TO_32_BIT_CONVERSION = YES;
				GCC_WARN_ABOUT_RETURN_TYPE = YES_ERROR;
				GCC_WARN_UNDECLARED_SELECTOR = YES;
				GCC_WARN_UNINITIALIZED_AUTOS = YES_AGGRESSIVE;
				GCC_WARN_UNUSED_FUNCTION = YES;
				GCC_WARN_UNUSED_VARIABLE = YES;
				IPHONEOS_DEPLOYMENT_TARGET = 11.4;
				MTL_ENABLE_DEBUG_INFO = NO;
				SDKROOT = iphoneos;
				SWIFT_COMPILATION_MODE = wholemodule;
				SWIFT_OPTIMIZATION_LEVEL = "-O";
				VALIDATE_PRODUCT = YES;
			};
			name = Release;
		};
		38D15D1921218B6F00125444 /* Debug */ = {
			isa = XCBuildConfiguration;
			buildSettings = {
				ASSETCATALOG_COMPILER_APPICON_NAME = AppIcon;
				CODE_SIGN_STYLE = Automatic;
				DEVELOPMENT_TEAM = DSLZS23XNW;
				INFOPLIST_FILE = Drawing/Info.plist;
				LD_RUNPATH_SEARCH_PATHS = (
					"$(inherited)",
					"@executable_path/Frameworks",
				);
				PRODUCT_BUNDLE_IDENTIFIER = com.Drawing;
				PRODUCT_NAME = "$(TARGET_NAME)";
				SWIFT_VERSION = 4.0;
				TARGETED_DEVICE_FAMILY = "1,2";
			};
			name = Debug;
		};
		38D15D1A21218B6F00125444 /* Release */ = {
			isa = XCBuildConfiguration;
			buildSettings = {
				ASSETCATALOG_COMPILER_APPICON_NAME = AppIcon;
				CODE_SIGN_STYLE = Automatic;
				DEVELOPMENT_TEAM = DSLZS23XNW;
				INFOPLIST_FILE = Drawing/Info.plist;
				LD_RUNPATH_SEARCH_PATHS = (
					"$(inherited)",
					"@executable_path/Frameworks",
				);
				PRODUCT_BUNDLE_IDENTIFIER = com.Drawing;
				PRODUCT_NAME = "$(TARGET_NAME)";
				SWIFT_VERSION = 4.0;
				TARGETED_DEVICE_FAMILY = "1,2";
			};
			name = Release;
		};
/* End XCBuildConfiguration section */

/* Begin XCConfigurationList section */
		38D15D0121218B6D00125444 /* Build configuration list for PBXProject "Drawing" */ = {
			isa = XCConfigurationList;
			buildConfigurations = (
				38D15D1621218B6F00125444 /* Debug */,
				38D15D1721218B6F00125444 /* Release */,
			);
			defaultConfigurationIsVisible = 0;
			defaultConfigurationName = Release;
		};
		38D15D1821218B6F00125444 /* Build configuration list for PBXNativeTarget "Drawing" */ = {
			isa = XCConfigurationList;
			buildConfigurations = (
				38D15D1921218B6F00125444 /* Debug */,
				38D15D1A21218B6F00125444 /* Release */,
			);
			defaultConfigurationIsVisible = 0;
			defaultConfigurationName = Release;
		};
/* End XCConfigurationList section */
	};
	rootObject = 38D15CFE21218B6D00125444 /* Project object */;
}
